
Microsoft Visual Studio Solution File, Format Version 12.00
# Visual Studio Version 17
VisualStudioVersion = 17.4.33213.308
MinimumVisualStudioVersion = 10.0.40219.1
Project("{FAE04EC0-301F-11D3-BF4B-00C04F79EFBC}") = "MvcEticaret", "MvcEticaret\MvcEticaret.csproj", "{4DC30704-ABF5-4108-9DFD-FEF195148982}"
EndProject
Global
	GlobalSection(SolutionConfigurationPlatforms) = preSolution
		Debug|Any CPU = Debug|Any CPU
		Release|Any CPU = Release|Any CPU
	EndGlobalSection
	GlobalSection(ProjectConfigurationPlatforms) = postSolution
		{4DC30704-ABF5-4108-9DFD-FEF195148982}.Debug|Any CPU.ActiveCfg = Debug|Any CPU
		{4DC30704-ABF5-4108-9DFD-FEF195148982}.Debug|Any CPU.Build.0 = Debug|Any CPU
		{4DC30704-ABF5-4108-9DFD-FEF195148982}.Release|Any CPU.ActiveCfg = Release|Any CPU
		{4DC30704-ABF5-4108-9DFD-FEF195148982}.Release|Any CPU.Build.0 = Release|Any CPU
	EndGlobalSection
	GlobalSection(SolutionProperties) = preSolution
		HideSolutionNode = FALSE
	EndGlobalSection
	GlobalSection(ExtensibilityGlobals) = postSolution
		SolutionGuid = {22CA9F98-1125-4B56-85AD-E55AFA5239B5}
	EndGlobalSection
EndGlobal
